
Microsoft Visual Studio Solution File, Format Version 12.00
# Visual Studio Version 17
VisualStudioVersion = 17.3.32922.545
MinimumVisualStudioVersion = 10.0.40219.1
Project("{FAE04EC0-301F-11D3-BF4B-00C04F79EFBC}") = "EmpDeptProject.Web", "EmpDeptProject.Web\EmpDeptProject.Web.csproj", "{0E4186AE-8B3F-463A-B36C-CF21A6B72E62}"
EndProject
Project("{FAE04EC0-301F-11D3-BF4B-00C04F79EFBC}") = "EmpDeptProject.DataAccess", "EmpDeptProject.DataAccess\EmpDeptProject.DataAccess.csproj", "{5355FAD4-7DA1-4798-9995-93C9500A6887}"
EndProject
Project("{FAE04EC0-301F-11D3-BF4B-00C04F79EFBC}") = "EmpDeptProject.Models", "EmpDeptProject.Models\EmpDeptProject.Models.csproj", "{AE14C89B-AF81-4347-BE2E-E5386826168F}"
EndProject
Global
	GlobalSection(SolutionConfigurationPlatforms) = preSolution
		Debug|Any CPU = Debug|Any CPU
		Release|Any CPU = Release|Any CPU
	EndGlobalSection
	GlobalSection(ProjectConfigurationPlatforms) = postSolution
		{0E4186AE-8B3F-463A-B36C-CF21A6B72E62}.Debug|Any CPU.ActiveCfg = Debug|Any CPU
		{0E4186AE-8B3F-463A-B36C-CF21A6B72E62}.Debug|Any CPU.Build.0 = Debug|Any CPU
		{0E4186AE-8B3F-463A-B36C-CF21A6B72E62}.Release|Any CPU.ActiveCfg = Release|Any CPU
		{0E4186AE-8B3F-463A-B36C-CF21A6B72E62}.Release|Any CPU.Build.0 = Release|Any CPU
		{5355FAD4-7DA1-4798-9995-93C9500A6887}.Debug|Any CPU.ActiveCfg = Debug|Any CPU
		{5355FAD4-7DA1-4798-9995-93C9500A6887}.Debug|Any CPU.Build.0 = Debug|Any CPU
		{5355FAD4-7DA1-4798-9995-93C9500A6887}.Release|Any CPU.ActiveCfg = Release|Any CPU
		{5355FAD4-7DA1-4798-9995-93C9500A6887}.Release|Any CPU.Build.0 = Release|Any CPU
		{AE14C89B-AF81-4347-BE2E-E5386826168F}.Debug|Any CPU.ActiveCfg = Debug|Any CPU
		{AE14C89B-AF81-4347-BE2E-E5386826168F}.Debug|Any CPU.Build.0 = Debug|Any CPU
		{AE14C89B-AF81-4347-BE2E-E5386826168F}.Release|Any CPU.ActiveCfg = Release|Any CPU
		{AE14C89B-AF81-4347-BE2E-E5386826168F}.Release|Any CPU.Build.0 = Release|Any CPU
	EndGlobalSection
	GlobalSection(SolutionProperties) = preSolution
		HideSolutionNode = FALSE
	EndGlobalSection
	GlobalSection(ExtensibilityGlobals) = postSolution
		SolutionGuid = {6921E33B-A481-4750-AE5A-050F0E56D0C6}
	EndGlobalSection
EndGlobal
